
Microsoft Visual Studio Solution File, Format Version 12.00
# Visual Studio Version 17
VisualStudioVersion = 17.0.31903.59
MinimumVisualStudioVersion = 10.0.40219.1
Project("{2150E333-8FDC-42A3-9474-1A3956D46DE8}") = "ExampleMod", "ExampleMod", "{A7CF8D71-C7EB-8142-56EA-DD9A552C3EBA}"
EndProject
Project("{FAE04EC0-301F-11D3-BF4B-00C04F79EFBC}") = "ExampleMod.Frontend", "ExampleMod\ExampleMod.Frontend\ExampleMod.Frontend.csproj", "{31792917-2ECE-441C-B72A-4D32492B611A}"
EndProject
Project("{FAE04EC0-301F-11D3-BF4B-00C04F79EFBC}") = "ExampleMod.Backend", "ExampleMod\ExampleMod.Backend\ExampleMod.Backend.csproj", "{B3141902-4AE8-4CF7-8931-82E74CF16278}"
EndProject
Project("{2150E333-8FDC-42A3-9474-1A3956D46DE8}") = "DreamLover", "DreamLover", "{8552A5A5-EF87-113C-E29C-412B10B49993}"
EndProject
Project("{FAE04EC0-301F-11D3-BF4B-00C04F79EFBC}") = "DreamLover.Backend", "DreamLover\DreamLover.Backend\DreamLover.Backend.csproj", "{AB7AB816-53D4-4FAD-864E-59688E017582}"
EndProject
Project("{2150E333-8FDC-42A3-9474-1A3956D46DE8}") = "ForceEncounter", "ForceEncounter", "{0D38B8C0-6407-C18F-257C-991D63C5A67C}"
EndProject
Project("{FAE04EC0-301F-11D3-BF4B-00C04F79EFBC}") = "ForceEncounter.Backend", "ForceEncounter\ForceEncounter.Backend\ForceEncounter.Backend.csproj", "{BDC16431-7F8C-4CC5-97DC-2159C9F0B314}"
EndProject
Project("{FAE04EC0-301F-11D3-BF4B-00C04F79EFBC}") = "ForceEncounter.Events", "ForceEncounter\ForceEncounter.Events\ForceEncounter.Events.csproj", "{5B0CB2AD-FA2B-4CE9-AE43-AE1F5BF1DAB8}"
EndProject
Project("{2150E333-8FDC-42A3-9474-1A3956D46DE8}") = "FertilityControl", "FertilityControl", "{D61E0CA4-E8A6-11ED-673A-A9447B781FD8}"
EndProject
Project("{FAE04EC0-301F-11D3-BF4B-00C04F79EFBC}") = "FertilityControl.Backend", "FertilityControl\FertilityControl.Backend\FertilityControl.Backend.csproj", "{AFA20413-BCDF-4CC8-83AA-A1B8257C9463}"
EndProject
Project("{2150E333-8FDC-42A3-9474-1A3956D46DE8}") = "AntiNTR", "AntiNTR", "{90CE7834-8E14-1597-22FB-8AF30DF94BF7}"
EndProject
Project("{FAE04EC0-301F-11D3-BF4B-00C04F79EFBC}") = "AntiNTR.Backend", "AntiNTR\AntiNTR.Backend\AntiNTR.Backend.csproj", "{C7750334-3426-4D44-82D4-ADFE12CAA1F3}"
EndProject
Project("{2150E333-8FDC-42A3-9474-1A3956D46DE8}") = "tests", "tests", "{0AB3BF05-4346-4AA6-1389-037BE0695223}"
EndProject
Project("{FAE04EC0-301F-11D3-BF4B-00C04F79EFBC}") = "TaiwuMods.Tests", "tests\TaiwuMods.Tests\TaiwuMods.Tests.csproj", "{EE8E286F-DBA8-4BCA-94E8-C0A3144BCFB0}"
EndProject
Global
	GlobalSection(SolutionConfigurationPlatforms) = preSolution
		Debug|Any CPU = Debug|Any CPU
		Debug|x64 = Debug|x64
		Debug|x86 = Debug|x86
		Release|Any CPU = Release|Any CPU
		Release|x64 = Release|x64
		Release|x86 = Release|x86
	EndGlobalSection
	GlobalSection(ProjectConfigurationPlatforms) = postSolution
		{31792917-2ECE-441C-B72A-4D32492B611A}.Debug|Any CPU.ActiveCfg = Debug|Any CPU
		{31792917-2ECE-441C-B72A-4D32492B611A}.Debug|Any CPU.Build.0 = Debug|Any CPU
		{31792917-2ECE-441C-B72A-4D32492B611A}.Debug|x64.ActiveCfg = Debug|Any CPU
		{31792917-2ECE-441C-B72A-4D32492B611A}.Debug|x64.Build.0 = Debug|Any CPU
		{31792917-2ECE-441C-B72A-4D32492B611A}.Debug|x86.ActiveCfg = Debug|Any CPU
		{31792917-2ECE-441C-B72A-4D32492B611A}.Debug|x86.Build.0 = Debug|Any CPU
		{31792917-2ECE-441C-B72A-4D32492B611A}.Release|Any CPU.ActiveCfg = Release|Any CPU
		{31792917-2ECE-441C-B72A-4D32492B611A}.Release|Any CPU.Build.0 = Release|Any CPU
		{31792917-2ECE-441C-B72A-4D32492B611A}.Release|x64.ActiveCfg = Release|Any CPU
		{31792917-2ECE-441C-B72A-4D32492B611A}.Release|x64.Build.0 = Release|Any CPU
		{31792917-2ECE-441C-B72A-4D32492B611A}.Release|x86.ActiveCfg = Release|Any CPU
		{31792917-2ECE-441C-B72A-4D32492B611A}.Release|x86.Build.0 = Release|Any CPU
		{B3141902-4AE8-4CF7-8931-82E74CF16278}.Debug|Any CPU.ActiveCfg = Debug|Any CPU
		{B3141902-4AE8-4CF7-8931-82E74CF16278}.Debug|Any CPU.Build.0 = Debug|Any CPU
		{B3141902-4AE8-4CF7-8931-82E74CF16278}.Debug|x64.ActiveCfg = Debug|Any CPU
		{B3141902-4AE8-4CF7-8931-82E74CF16278}.Debug|x64.Build.0 = Debug|Any CPU
		{B3141902-4AE8-4CF7-8931-82E74CF16278}.Debug|x86.ActiveCfg = Debug|Any CPU
		{B3141902-4AE8-4CF7-8931-82E74CF16278}.Debug|x86.Build.0 = Debug|Any CPU
		{B3141902-4AE8-4CF7-8931-82E74CF16278}.Release|Any CPU.ActiveCfg = Release|Any CPU
		{B3141902-4AE8-4CF7-8931-82E74CF16278}.Release|Any CPU.Build.0 = Release|Any CPU
		{B3141902-4AE8-4CF7-8931-82E74CF16278}.Release|x64.ActiveCfg = Release|Any CPU
		{B3141902-4AE8-4CF7-8931-82E74CF16278}.Release|x64.Build.0 = Release|Any CPU
		{B3141902-4AE8-4CF7-8931-82E74CF16278}.Release|x86.ActiveCfg = Release|Any CPU
		{B3141902-4AE8-4CF7-8931-82E74CF16278}.Release|x86.Build.0 = Release|Any CPU
		{AB7AB816-53D4-4FAD-864E-59688E017582}.Debug|Any CPU.ActiveCfg = Debug|Any CPU
		{AB7AB816-53D4-4FAD-864E-59688E017582}.Debug|Any CPU.Build.0 = Debug|Any CPU
		{AB7AB816-53D4-4FAD-864E-59688E017582}.Debug|x64.ActiveCfg = Debug|Any CPU
		{AB7AB816-53D4-4FAD-864E-59688E017582}.Debug|x64.Build.0 = Debug|Any CPU
		{AB7AB816-53D4-4FAD-864E-59688E017582}.Debug|x86.ActiveCfg = Debug|Any CPU
		{AB7AB816-53D4-4FAD-864E-59688E017582}.Debug|x86.Build.0 = Debug|Any CPU
		{AB7AB816-53D4-4FAD-864E-59688E017582}.Release|Any CPU.ActiveCfg = Release|Any CPU
		{AB7AB816-53D4-4FAD-864E-59688E017582}.Release|Any CPU.Build.0 = Release|Any CPU
		{AB7AB816-53D4-4FAD-864E-59688E017582}.Release|x64.ActiveCfg = Release|Any CPU
		{AB7AB816-53D4-4FAD-864E-59688E017582}.Release|x64.Build.0 = Release|Any CPU
		{AB7AB816-53D4-4FAD-864E-59688E017582}.Release|x86.ActiveCfg = Release|Any CPU
		{AB7AB816-53D4-4FAD-864E-59688E017582}.Release|x86.Build.0 = Release|Any CPU
		{BDC16431-7F8C-4CC5-97DC-2159C9F0B314}.Debug|Any CPU.ActiveCfg = Debug|Any CPU
		{BDC16431-7F8C-4CC5-97DC-2159C9F0B314}.Debug|Any CPU.Build.0 = Debug|Any CPU
		{BDC16431-7F8C-4CC5-97DC-2159C9F0B314}.Debug|x64.ActiveCfg = Debug|Any CPU
		{BDC16431-7F8C-4CC5-97DC-2159C9F0B314}.Debug|x64.Build.0 = Debug|Any CPU
		{BDC16431-7F8C-4CC5-97DC-2159C9F0B314}.Debug|x86.ActiveCfg = Debug|Any CPU
		{BDC16431-7F8C-4CC5-97DC-2159C9F0B314}.Debug|x86.Build.0 = Debug|Any CPU
		{BDC16431-7F8C-4CC5-97DC-2159C9F0B314}.Release|Any CPU.ActiveCfg = Release|Any CPU
		{BDC16431-7F8C-4CC5-97DC-2159C9F0B314}.Release|Any CPU.Build.0 = Release|Any CPU
		{BDC16431-7F8C-4CC5-97DC-2159C9F0B314}.Release|x64.ActiveCfg = Release|Any CPU
		{BDC16431-7F8C-4CC5-97DC-2159C9F0B314}.Release|x64.Build.0 = Release|Any CPU
		{BDC16431-7F8C-4CC5-97DC-2159C9F0B314}.Release|x86.ActiveCfg = Release|Any CPU
		{BDC16431-7F8C-4CC5-97DC-2159C9F0B314}.Release|x86.Build.0 = Release|Any CPU
		{5B0CB2AD-FA2B-4CE9-AE43-AE1F5BF1DAB8}.Debug|Any CPU.ActiveCfg = Debug|Any CPU
		{5B0CB2AD-FA2B-4CE9-AE43-AE1F5BF1DAB8}.Debug|Any CPU.Build.0 = Debug|Any CPU
		{5B0CB2AD-FA2B-4CE9-AE43-AE1F5BF1DAB8}.Debug|x64.ActiveCfg = Debug|Any CPU
		{5B0CB2AD-FA2B-4CE9-AE43-AE1F5BF1DAB8}.Debug|x64.Build.0 = Debug|Any CPU
		{5B0CB2AD-FA2B-4CE9-AE43-AE1F5BF1DAB8}.Debug|x86.ActiveCfg = Debug|Any CPU
		{5B0CB2AD-FA2B-4CE9-AE43-AE1F5BF1DAB8}.Debug|x86.Build.0 = Debug|Any CPU
		{5B0CB2AD-FA2B-4CE9-AE43-AE1F5BF1DAB8}.Release|Any CPU.ActiveCfg = Release|Any CPU
		{5B0CB2AD-FA2B-4CE9-AE43-AE1F5BF1DAB8}.Release|Any CPU.Build.0 = Release|Any CPU
		{5B0CB2AD-FA2B-4CE9-AE43-AE1F5BF1DAB8}.Release|x64.ActiveCfg = Release|Any CPU
		{5B0CB2AD-FA2B-4CE9-AE43-AE1F5BF1DAB8}.Release|x64.Build.0 = Release|Any CPU
		{5B0CB2AD-FA2B-4CE9-AE43-AE1F5BF1DAB8}.Release|x86.ActiveCfg = Release|Any CPU
		{5B0CB2AD-FA2B-4CE9-AE43-AE1F5BF1DAB8}.Release|x86.Build.0 = Release|Any CPU
		{AFA20413-BCDF-4CC8-83AA-A1B8257C9463}.Debug|Any CPU.ActiveCfg = Debug|Any CPU
		{AFA20413-BCDF-4CC8-83AA-A1B8257C9463}.Debug|Any CPU.Build.0 = Debug|Any CPU
		{AFA20413-BCDF-4CC8-83AA-A1B8257C9463}.Debug|x64.ActiveCfg = Debug|Any CPU
		{AFA20413-BCDF-4CC8-83AA-A1B8257C9463}.Debug|x64.Build.0 = Debug|Any CPU
		{AFA20413-BCDF-4CC8-83AA-A1B8257C9463}.Debug|x86.ActiveCfg = Debug|Any CPU
		{AFA20413-BCDF-4CC8-83AA-A1B8257C9463}.Debug|x86.Build.0 = Debug|Any CPU
		{AFA20413-BCDF-4CC8-83AA-A1B8257C9463}.Release|Any CPU.ActiveCfg = Release|Any CPU
		{AFA20413-BCDF-4CC8-83AA-A1B8257C9463}.Release|Any CPU.Build.0 = Release|Any CPU
		{AFA20413-BCDF-4CC8-83AA-A1B8257C9463}.Release|x64.ActiveCfg = Release|Any CPU
		{AFA20413-BCDF-4CC8-83AA-A1B8257C9463}.Release|x64.Build.0 = Release|Any CPU
		{AFA20413-BCDF-4CC8-83AA-A1B8257C9463}.Release|x86.ActiveCfg = Release|Any CPU
		{AFA20413-BCDF-4CC8-83AA-A1B8257C9463}.Release|x86.Build.0 = Release|Any CPU
		{C7750334-3426-4D44-82D4-ADFE12CAA1F3}.Debug|Any CPU.ActiveCfg = Debug|Any CPU
		{C7750334-3426-4D44-82D4-ADFE12CAA1F3}.Debug|Any CPU.Build.0 = Debug|Any CPU
		{C7750334-3426-4D44-82D4-ADFE12CAA1F3}.Debug|x64.ActiveCfg = Debug|Any CPU
		{C7750334-3426-4D44-82D4-ADFE12CAA1F3}.Debug|x64.Build.0 = Debug|Any CPU
		{C7750334-3426-4D44-82D4-ADFE12CAA1F3}.Debug|x86.ActiveCfg = Debug|Any CPU
		{C7750334-3426-4D44-82D4-ADFE12CAA1F3}.Debug|x86.Build.0 = Debug|Any CPU
		{C7750334-3426-4D44-82D4-ADFE12CAA1F3}.Release|Any CPU.ActiveCfg = Release|Any CPU
		{C7750334-3426-4D44-82D4-ADFE12CAA1F3}.Release|Any CPU.Build.0 = Release|Any CPU
		{C7750334-3426-4D44-82D4-ADFE12CAA1F3}.Release|x64.ActiveCfg = Release|Any CPU
		{C7750334-3426-4D44-82D4-ADFE12CAA1F3}.Release|x64.Build.0 = Release|Any CPU
		{C7750334-3426-4D44-82D4-ADFE12CAA1F3}.Release|x86.ActiveCfg = Release|Any CPU
		{C7750334-3426-4D44-82D4-ADFE12CAA1F3}.Release|x86.Build.0 = Release|Any CPU
		{EE8E286F-DBA8-4BCA-94E8-C0A3144BCFB0}.Debug|Any CPU.ActiveCfg = Debug|Any CPU
		{EE8E286F-DBA8-4BCA-94E8-C0A3144BCFB0}.Debug|Any CPU.Build.0 = Debug|Any CPU
		{EE8E286F-DBA8-4BCA-94E8-C0A3144BCFB0}.Debug|x64.ActiveCfg = Debug|Any CPU
		{EE8E286F-DBA8-4BCA-94E8-C0A3144BCFB0}.Debug|x64.Build.0 = Debug|Any CPU
		{EE8E286F-DBA8-4BCA-94E8-C0A3144BCFB0}.Debug|x86.ActiveCfg = Debug|Any CPU
		{EE8E286F-DBA8-4BCA-94E8-C0A3144BCFB0}.Debug|x86.Build.0 = Debug|Any CPU
		{EE8E286F-DBA8-4BCA-94E8-C0A3144BCFB0}.Release|Any CPU.ActiveCfg = Release|Any CPU
		{EE8E286F-DBA8-4BCA-94E8-C0A3144BCFB0}.Release|Any CPU.Build.0 = Release|Any CPU
		{EE8E286F-DBA8-4BCA-94E8-C0A3144BCFB0}.Release|x64.ActiveCfg = Release|Any CPU
		{EE8E286F-DBA8-4BCA-94E8-C0A3144BCFB0}.Release|x64.Build.0 = Release|Any CPU
		{EE8E286F-DBA8-4BCA-94E8-C0A3144BCFB0}.Release|x86.ActiveCfg = Release|Any CPU
		{EE8E286F-DBA8-4BCA-94E8-C0A3144BCFB0}.Release|x86.Build.0 = Release|Any CPU
	EndGlobalSection
	GlobalSection(SolutionProperties) = preSolution
		HideSolutionNode = FALSE
	EndGlobalSection
	GlobalSection(NestedProjects) = preSolution
		{31792917-2ECE-441C-B72A-4D32492B611A} = {A7CF8D71-C7EB-8142-56EA-DD9A552C3EBA}
		{B3141902-4AE8-4CF7-8931-82E74CF16278} = {A7CF8D71-C7EB-8142-56EA-DD9A552C3EBA}
		{AB7AB816-53D4-4FAD-864E-59688E017582} = {8552A5A5-EF87-113C-E29C-412B10B49993}
		{BDC16431-7F8C-4CC5-97DC-2159C9F0B314} = {0D38B8C0-6407-C18F-257C-991D63C5A67C}
		{5B0CB2AD-FA2B-4CE9-AE43-AE1F5BF1DAB8} = {0D38B8C0-6407-C18F-257C-991D63C5A67C}
		{AFA20413-BCDF-4CC8-83AA-A1B8257C9463} = {D61E0CA4-E8A6-11ED-673A-A9447B781FD8}
		{C7750334-3426-4D44-82D4-ADFE12CAA1F3} = {90CE7834-8E14-1597-22FB-8AF30DF94BF7}
		{EE8E286F-DBA8-4BCA-94E8-C0A3144BCFB0} = {0AB3BF05-4346-4AA6-1389-037BE0695223}
	EndGlobalSection
EndGlobal
